github.com/clydefritz/dog v0.0.0-20240414185708-151ba33a3dc6 h1:FbdTKhhZ+0vFkvyeuInCF8wQjuGE5fN0nZWKOM7Zs30=
github.com/clydefritz/dog v0.0.0-20240414185708-151ba33a3dc6/go.mod h1:8lzYlgtSmmRUcZSMoFAFrreFebMDQP2I3NBNa8usrMk=
github.com/clydefritz/puppy v0.0.0-20240414190704-e041bc2d2ee4 h1:LPVPCTb5OlYDW1IKp4jp9831j1lDQMcEKE6wHvANvws=
github.com/clydefritz/puppy v0.0.0-20240414190704-e041bc2d2ee4/go.mod h1:bRW9G+1QYsGJ33wSZ1bJa4hJKP7N1Wjrn9FKcMFVRy4=
